# THIS IS AN AUTOGENERATED FILE. DO NOT EDIT THIS FILE DIRECTLY.
# yarn lockfile v1


"@emnapi/runtime@^1.1.0":
  version "1.1.1"
  resolved "https://registry.yarnpkg.com/@emnapi/runtime/-/runtime-1.1.1.tgz#697d02276ca6f49bafe6fd01c9df0034818afa98"
  dependencies:
    tslib "^2.4.0"

"@esbuild/android-arm64@0.18.16":
  version "0.18.16"
  resolved "https://registry.yarnpkg.com/@esbuild/android-arm64/-/android-arm64-0.18.16.tgz#34f562abc0015933aabd41b3d50d8d3359e30155"

"@esbuild/android-arm@0.18.16":
  version "0.18.16"
  resolved "https://registry.yarnpkg.com/@esbuild/android-arm/-/android-arm-0.18.16.tgz#ef6f9aa59a79a9b9330a2e73f7eb402c6630c267"

"@esbuild/android-x64@0.18.16":
  version "0.18.16"
  resolved "https://registry.yarnpkg.com/@esbuild/android-x64/-/android-x64-0.18.16.tgz#ed7444cb17542932c67b15e20528686853239cfd"

"@esbuild/darwin-arm64@0.18.16":
  version "0.18.16"
  resolved "https://registry.npmjs.org/@esbuild/darwin-arm64/-/darwin-arm64-0.18.16.tgz"

"@esbuild/darwin-x64@0.18.16":
  version "0.18.16"
  resolved "https://registry.yarnpkg.com/@esbuild/darwin-x64/-/darwin-x64-0.18.16.tgz#a8f3b61bee2807131cbe28eb164ad2b0333b59f5"

"@esbuild/freebsd-arm64@0.18.16":
  version "0.18.16"
  resolved "https://registry.yarnpkg.com/@esbuild/freebsd-arm64/-/freebsd-arm64-0.18.16.tgz#9bdbb3f0e5f0842b21c9b8602e70c106174ac24c"

"@esbuild/freebsd-x64@0.18.16":
  version "0.18.16"
  resolved "https://registry.yarnpkg.com/@esbuild/freebsd-x64/-/freebsd-x64-0.18.16.tgz#24f73956436495cc7a5a4bf06be6b661aea6a2c1"

"@esbuild/linux-arm64@0.18.16":
  version "0.18.16"
  resolved "https://registry.yarnpkg.com/@esbuild/linux-arm64/-/linux-arm64-0.18.16.tgz#244569757f9cbd912f5a595a8ad8144f8c915f13"

"@esbuild/linux-arm@0.18.16":
  version "0.18.16"
  resolved "https://registry.yarnpkg.com/@esbuild/linux-arm/-/linux-arm-0.18.16.tgz#d63923c63af534032cc5ea0b2a0b3de10f8357f5"

"@esbuild/linux-ia32@0.18.16":
  version "0.18.16"
  resolved "https://registry.yarnpkg.com/@esbuild/linux-ia32/-/linux-ia32-0.18.16.tgz#a8825ccea6309f0bccfc5d87b43163ba804c2f20"

"@esbuild/linux-loong64@0.18.16":
  version "0.18.16"
  resolved "https://registry.yarnpkg.com/@esbuild/linux-loong64/-/linux-loong64-0.18.16.tgz#f530e820fc3c61cf2206155b994aeab53b6d25be"

"@esbuild/linux-mips64el@0.18.16":
  version "0.18.16"
  resolved "https://registry.yarnpkg.com/@esbuild/linux-mips64el/-/linux-mips64el-0.18.16.tgz#2d47ace539257896865d243641bd6716684a1e82"

"@esbuild/linux-ppc64@0.18.16":
  version "0.18.16"
  resolved "https://registry.yarnpkg.com/@esbuild/linux-ppc64/-/linux-ppc64-0.18.16.tgz#d6913e7e9be9e242a6a20402800141bdbe7009f7"

"@esbuild/linux-riscv64@0.18.16":
  version "0.18.16"
  resolved "https://registry.yarnpkg.com/@esbuild/linux-riscv64/-/linux-riscv64-0.18.16.tgz#8f33b627389c8234fe61f4636c134f17fb1d9b09"

"@esbuild/linux-s390x@0.18.16":
  version "0.18.16"
  resolved "https://registry.yarnpkg.com/@esbuild/linux-s390x/-/linux-s390x-0.18.16.tgz#4d44c030f78962cf410f604f92fcc1505e4afdde"

"@esbuild/linux-x64@0.18.16":
  version "0.18.16"
  resolved "https://registry.yarnpkg.com/@esbuild/linux-x64/-/linux-x64-0.18.16.tgz#8846d00e16b1e93eb488c8b4dd51c946adfc236f"

"@esbuild/netbsd-x64@0.18.16":
  version "0.18.16"
  resolved "https://registry.yarnpkg.com/@esbuild/netbsd-x64/-/netbsd-x64-0.18.16.tgz#6514a86bd07744f3100d2813ea2fb6520d53e72e"

"@esbuild/openbsd-x64@0.18.16":
  version "0.18.16"
  resolved "https://registry.yarnpkg.com/@esbuild/openbsd-x64/-/openbsd-x64-0.18.16.tgz#ae67ce766d58aab6c0e6037f1a76f15df4a2a5fe"

"@esbuild/sunos-x64@0.18.16":
  version "0.18.16"
  resolved "https://registry.yarnpkg.com/@esbuild/sunos-x64/-/sunos-x64-0.18.16.tgz#998efe8a58374b7351ac710455051639a6ce6a05"

"@esbuild/win32-arm64@0.18.16":
  version "0.18.16"
  resolved "https://registry.yarnpkg.com/@esbuild/win32-arm64/-/win32-arm64-0.18.16.tgz#8de33682243508eef8d4de1816df2c05adad2b21"

"@esbuild/win32-ia32@0.18.16":
  version "0.18.16"
  resolved "https://registry.yarnpkg.com/@esbuild/win32-ia32/-/win32-ia32-0.18.16.tgz#95c9f4274fb3ef9e449d464ffe3e3b7fa091503b"

"@esbuild/win32-x64@0.18.16":
  version "0.18.16"
  resolved "https://registry.yarnpkg.com/@esbuild/win32-x64/-/win32-x64-0.18.16.tgz#5be58d31d0120c68af8e38b702e6937ce764cd68"

"@fullcalendar/core@^4.4.0":
  version "4.4.2"
  resolved "https://registry.npmjs.org/@fullcalendar/core/-/core-4.4.2.tgz"

"@fullcalendar/daygrid@^4.4.0":
  version "4.4.2"
  resolved "https://registry.npmjs.org/@fullcalendar/daygrid/-/daygrid-4.4.2.tgz"

"@fullcalendar/list@^4.4.2":
  version "4.4.2"
  resolved "https://registry.npmjs.org/@fullcalendar/list/-/list-4.4.2.tgz"

"@img/sharp-darwin-arm64@0.33.3":
  version "0.33.3"
  resolved "https://registry.yarnpkg.com/@img/sharp-darwin-arm64/-/sharp-darwin-arm64-0.33.3.tgz#2bbf676be830c5a9ae7d9294f201c9151535badd"
  optionalDependencies:
    "@img/sharp-libvips-darwin-arm64" "1.0.2"

"@img/sharp-darwin-x64@0.33.3":
  version "0.33.3"
  resolved "https://registry.yarnpkg.com/@img/sharp-darwin-x64/-/sharp-darwin-x64-0.33.3.tgz#c59567b141eb676e884066f76091a2673120c3f5"
  optionalDependencies:
    "@img/sharp-libvips-darwin-x64" "1.0.2"

"@img/sharp-libvips-darwin-arm64@1.0.2":
  version "1.0.2"
  resolved "https://registry.yarnpkg.com/@img/sharp-libvips-darwin-arm64/-/sharp-libvips-darwin-arm64-1.0.2.tgz#b69f49fecbe9572378675769b189410721b0fa53"

"@img/sharp-libvips-darwin-x64@1.0.2":
  version "1.0.2"
  resolved "https://registry.yarnpkg.com/@img/sharp-libvips-darwin-x64/-/sharp-libvips-darwin-x64-1.0.2.tgz#5665da7360d8e5ed7bee314491c8fe736b6a3c39"

"@img/sharp-libvips-linux-arm64@1.0.2":
  version "1.0.2"
  resolved "https://registry.yarnpkg.com/@img/sharp-libvips-linux-arm64/-/sharp-libvips-linux-arm64-1.0.2.tgz#8a05e5e9e9b760ff46561e32f19bd5e035fa881c"

"@img/sharp-libvips-linux-arm@1.0.2":
  version "1.0.2"
  resolved "https://registry.yarnpkg.com/@img/sharp-libvips-linux-arm/-/sharp-libvips-linux-arm-1.0.2.tgz#0fd33b9bf3221948ce0ca7a5a725942626577a03"

"@img/sharp-libvips-linux-s390x@1.0.2":
  version "1.0.2"
  resolved "https://registry.yarnpkg.com/@img/sharp-libvips-linux-s390x/-/sharp-libvips-linux-s390x-1.0.2.tgz#4b89150ec91b256ee2cbb5bb125321bf029a4770"

"@img/sharp-libvips-linux-x64@1.0.2":
  version "1.0.2"
  resolved "https://registry.yarnpkg.com/@img/sharp-libvips-linux-x64/-/sharp-libvips-linux-x64-1.0.2.tgz#947ccc22ca5bc8c8cfe921b39a5fdaebc5e39f3f"

"@img/sharp-libvips-linuxmusl-arm64@1.0.2":
  version "1.0.2"
  resolved "https://registry.yarnpkg.com/@img/sharp-libvips-linuxmusl-arm64/-/sharp-libvips-linuxmusl-arm64-1.0.2.tgz#821d58ce774f0f8bed065b69913a62f65d512f2f"

"@img/sharp-libvips-linuxmusl-x64@1.0.2":
  version "1.0.2"
  resolved "https://registry.yarnpkg.com/@img/sharp-libvips-linuxmusl-x64/-/sharp-libvips-linuxmusl-x64-1.0.2.tgz#4309474bd8b728a61af0b3b4fad0c476b5f3ccbe"

"@img/sharp-linux-arm64@0.33.3":
  version "0.33.3"
  resolved "https://registry.yarnpkg.com/@img/sharp-linux-arm64/-/sharp-linux-arm64-0.33.3.tgz#a1f788ddf49ed63509dd37d4b01e571fe7f189d5"
  optionalDependencies:
    "@img/sharp-libvips-linux-arm64" "1.0.2"

"@img/sharp-linux-arm@0.33.3":
  version "0.33.3"
  resolved "https://registry.yarnpkg.com/@img/sharp-linux-arm/-/sharp-linux-arm-0.33.3.tgz#661b0671ed7f740fd06821ce15050ba23f1d0523"
  optionalDependencies:
    "@img/sharp-libvips-linux-arm" "1.0.2"

"@img/sharp-linux-s390x@0.33.3":
  version "0.33.3"
  resolved "https://registry.yarnpkg.com/@img/sharp-linux-s390x/-/sharp-linux-s390x-0.33.3.tgz#8719341d3931a297df1a956c02ee003736fa8fac"
  optionalDependencies:
    "@img/sharp-libvips-linux-s390x" "1.0.2"

"@img/sharp-linux-x64@0.33.3":
  version "0.33.3"
  resolved "https://registry.yarnpkg.com/@img/sharp-linux-x64/-/sharp-linux-x64-0.33.3.tgz#dbd860b4aa16e7e25727c7e05b411132b58d017d"
  optionalDependencies:
    "@img/sharp-libvips-linux-x64" "1.0.2"

"@img/sharp-linuxmusl-arm64@0.33.3":
  version "0.33.3"
  resolved "https://registry.yarnpkg.com/@img/sharp-linuxmusl-arm64/-/sharp-linuxmusl-arm64-0.33.3.tgz#25b3fbfe9b6fa32d773422d878d8d84f3f6afceb"
  optionalDependencies:
    "@img/sharp-libvips-linuxmusl-arm64" "1.0.2"

"@img/sharp-linuxmusl-x64@0.33.3":
  version "0.33.3"
  resolved "https://registry.yarnpkg.com/@img/sharp-linuxmusl-x64/-/sharp-linuxmusl-x64-0.33.3.tgz#1e533e44abf2e2d427428ed49294ddba4eb11456"
  optionalDependencies:
    "@img/sharp-libvips-linuxmusl-x64" "1.0.2"

"@img/sharp-wasm32@0.33.3":
  version "0.33.3"
  resolved "https://registry.yarnpkg.com/@img/sharp-wasm32/-/sharp-wasm32-0.33.3.tgz#340006047a77df0744db84477768bbca6327b4b4"
  dependencies:
    "@emnapi/runtime" "^1.1.0"

"@img/sharp-win32-ia32@0.33.3":
  version "0.33.3"
  resolved "https://registry.yarnpkg.com/@img/sharp-win32-ia32/-/sharp-win32-ia32-0.33.3.tgz#0fdc49ab094ed0151ec8347afac7917aa5fc5145"

"@img/sharp-win32-x64@0.33.3":
  version "0.33.3"
  resolved "https://registry.yarnpkg.com/@img/sharp-win32-x64/-/sharp-win32-x64-0.33.3.tgz#a94e1028f180666f97fd51e35c4ad092d7704ef0"

"@opencensus/core@0.0.9":
  version "0.0.9"
  resolved "https://registry.npmjs.org/@opencensus/core/-/core-0.0.9.tgz"
  dependencies:
    continuation-local-storage "^3.2.1"
    log-driver "^1.2.7"
    semver "^5.5.0"
    shimmer "^1.2.0"
    uuid "^3.2.1"

"@opencensus/core@^0.0.8":
  version "0.0.8"
  resolved "https://registry.npmjs.org/@opencensus/core/-/core-0.0.8.tgz"
  dependencies:
    continuation-local-storage "^3.2.1"
    log-driver "^1.2.7"
    semver "^5.5.0"
    shimmer "^1.2.0"
    uuid "^3.2.1"

"@opencensus/propagation-b3@0.0.8":
  version "0.0.8"
  resolved "https://registry.npmjs.org/@opencensus/propagation-b3/-/propagation-b3-0.0.8.tgz"
  dependencies:
    "@opencensus/core" "^0.0.8"
    uuid "^3.2.1"

"@pm2/agent@~2.0.0":
  version "2.0.3"
  resolved "https://registry.npmjs.org/@pm2/agent/-/agent-2.0.3.tgz"
  dependencies:
    async "~3.2.0"
    chalk "~3.0.0"
    dayjs "~1.8.24"
    debug "~4.3.1"
    eventemitter2 "~5.0.1"
    fast-json-patch "^3.0.0-1"
    fclone "~1.0.11"
    nssocket "0.6.0"
    pm2-axon "~4.0.1"
    pm2-axon-rpc "~0.7.0"
    proxy-agent "~6.3.0"
    semver "~7.5.0"
    ws "~7.4.0"

"@pm2/io@~5.0.0":
  version "5.0.2"
  resolved "https://registry.yarnpkg.com/@pm2/io/-/io-5.0.2.tgz#5e4177281280082d7c490bb776fad7f8448c6bca"
  dependencies:
    "@opencensus/core" "0.0.9"
    "@opencensus/propagation-b3" "0.0.8"
    async "~2.6.1"
    debug "~4.3.1"
    eventemitter2 "^6.3.1"
    require-in-the-middle "^5.0.0"
    semver "~7.5.4"
    shimmer "^1.2.0"
    signal-exit "^3.0.3"
    tslib "1.9.3"

"@pm2/js-api@~0.8.0":
  version "0.8.0"
  resolved "https://registry.yarnpkg.com/@pm2/js-api/-/js-api-0.8.0.tgz#d1b8aff562dd34befa3cb30fe28e08c9f9743abc"
  dependencies:
    async "^2.6.3"
    debug "~4.3.1"
    eventemitter2 "^6.3.1"
    extrareqp2 "^1.0.0"
    ws "^7.0.0"

"@pm2/pm2-version-check@latest":
  version "1.0.4"
  resolved "https://registry.npmjs.org/@pm2/pm2-version-check/-/pm2-version-check-1.0.4.tgz"
  dependencies:
    debug "^4.3.1"

"@tootallnate/quickjs-emscripten@^0.23.0":
  version "0.23.0"
  resolved "https://registry.npmjs.org/@tootallnate/quickjs-emscripten/-/quickjs-emscripten-0.23.0.tgz"

"@types/json-schema@^7.0.5":
  version "7.0.12"
  resolved "https://registry.npmjs.org/@types/json-schema/-/json-schema-7.0.12.tgz"

agent-base@^7.0.2, agent-base@^7.1.0, agent-base@^7.1.1:
  version "7.1.1"
  resolved "https://registry.yarnpkg.com/agent-base/-/agent-base-7.1.1.tgz#bdbded7dfb096b751a2a087eeeb9664725b2e317"
  dependencies:
    debug "^4.3.4"

ajv-keywords@^3.5.2:
  version "3.5.2"
  resolved "https://registry.npmjs.org/ajv-keywords/-/ajv-keywords-3.5.2.tgz"

ajv@^6.12.4:
  version "6.12.6"
  resolved "https://registry.npmjs.org/ajv/-/ajv-6.12.6.tgz"
  dependencies:
    fast-deep-equal "^3.1.1"
    fast-json-stable-stringify "^2.0.0"
    json-schema-traverse "^0.4.1"
    uri-js "^4.2.2"

amp-message@~0.1.1:
  version "0.1.2"
  resolved "https://registry.npmjs.org/amp-message/-/amp-message-0.1.2.tgz"
  dependencies:
    amp "0.3.1"

amp@0.3.1, amp@~0.3.1:
  version "0.3.1"
  resolved "https://registry.npmjs.org/amp/-/amp-0.3.1.tgz"

ansi-colors@^4.1.1, ansi-colors@^4.1.3:
  version "4.1.3"
  resolved "https://registry.npmjs.org/ansi-colors/-/ansi-colors-4.1.3.tgz"

ansi-styles@^4.1.0:
  version "4.3.0"
  resolved "https://registry.npmjs.org/ansi-styles/-/ansi-styles-4.3.0.tgz"
  dependencies:
    color-convert "^2.0.1"

anymatch@~3.1.2:
  version "3.1.3"
  resolved "https://registry.npmjs.org/anymatch/-/anymatch-3.1.3.tgz"
  dependencies:
    normalize-path "^3.0.0"
    picomatch "^2.0.4"

argparse@^1.0.7:
  version "1.0.10"
  resolved "https://registry.npmjs.org/argparse/-/argparse-1.0.10.tgz"
  dependencies:
    sprintf-js "~1.0.2"

ast-types@^0.13.4:
  version "0.13.4"
  resolved "https://registry.npmjs.org/ast-types/-/ast-types-0.13.4.tgz"
  dependencies:
    tslib "^2.0.1"

async-listener@^0.6.0:
  version "0.6.10"
  resolved "https://registry.npmjs.org/async-listener/-/async-listener-0.6.10.tgz"
  dependencies:
    semver "^5.3.0"
    shimmer "^1.1.0"

async@^2.6.3, async@~2.6.1:
  version "2.6.4"
  resolved "https://registry.npmjs.org/async/-/async-2.6.4.tgz"
  dependencies:
    lodash "^4.17.14"

async@^3.2.0, async@~3.2.0:
  version "3.2.5"
  resolved "https://registry.yarnpkg.com/async/-/async-3.2.5.tgz#ebd52a8fdaf7a2289a24df399f8d8485c8a46b66"

balanced-match@^1.0.0:
  version "1.0.2"
  resolved "https://registry.npmjs.org/balanced-match/-/balanced-match-1.0.2.tgz"

basic-ftp@^5.0.2:
  version "5.0.5"
  resolved "https://registry.yarnpkg.com/basic-ftp/-/basic-ftp-5.0.5.tgz#14a474f5fffecca1f4f406f1c26b18f800225ac0"

big.js@^5.2.2:
  version "5.2.2"
  resolved "https://registry.npmjs.org/big.js/-/big.js-5.2.2.tgz"

binary-extensions@^2.0.0:
  version "2.3.0"
  resolved "https://registry.yarnpkg.com/binary-extensions/-/binary-extensions-2.3.0.tgz#f6e14a97858d327252200242d4ccfe522c445522"

blessed@0.1.81:
  version "0.1.81"
  resolved "https://registry.npmjs.org/blessed/-/blessed-0.1.81.tgz"

bodec@^0.1.0:
  version "0.1.0"
  resolved "https://registry.npmjs.org/bodec/-/bodec-0.1.0.tgz"

bootstrap-datepicker@^1.9.0:
  version "1.10.0"
  resolved "https://registry.npmjs.org/bootstrap-datepicker/-/bootstrap-datepicker-1.10.0.tgz"
  dependencies:
    jquery ">=3.4.0 <4.0.0"

bootstrap-switch@^3.4.0:
  version "3.4.0"
  resolved "https://registry.npmjs.org/bootstrap-switch/-/bootstrap-switch-3.4.0.tgz"

bootstrap@^4.0.0:
  version "4.6.2"
  resolved "https://registry.npmjs.org/bootstrap/-/bootstrap-4.6.2.tgz"

brace-expansion@^1.1.7:
  version "1.1.11"
  resolved "https://registry.npmjs.org/brace-expansion/-/brace-expansion-1.1.11.tgz"
  dependencies:
    balanced-match "^1.0.0"
    concat-map "0.0.1"

braces@~3.0.2:
  version "3.0.2"
  resolved "https://registry.npmjs.org/braces/-/braces-3.0.2.tgz"
  dependencies:
    fill-range "^7.0.1"

buffer-from@^1.0.0:
  version "1.1.2"
  resolved "https://registry.npmjs.org/buffer-from/-/buffer-from-1.1.2.tgz"

chalk@3.0.0, chalk@~3.0.0:
  version "3.0.0"
  resolved "https://registry.npmjs.org/chalk/-/chalk-3.0.0.tgz"
  dependencies:
    ansi-styles "^4.1.0"
    supports-color "^7.1.0"

charm@~0.1.1:
  version "0.1.2"
  resolved "https://registry.npmjs.org/charm/-/charm-0.1.2.tgz"

"chokidar@>=3.0.0 <4.0.0", chokidar@^3.5.3:
  version "3.6.0"
  resolved "https://registry.yarnpkg.com/chokidar/-/chokidar-3.6.0.tgz#197c6cc669ef2a8dc5e7b4d97ee4e092c3eb0d5b"
  dependencies:
    anymatch "~3.1.2"
    braces "~3.0.2"
    glob-parent "~5.1.2"
    is-binary-path "~2.1.0"
    is-glob "~4.0.1"
    normalize-path "~3.0.0"
    readdirp "~3.6.0"
  optionalDependencies:
    fsevents "~2.3.2"

cli-tableau@^2.0.0:
  version "2.0.1"
  resolved "https://registry.npmjs.org/cli-tableau/-/cli-tableau-2.0.1.tgz"
  dependencies:
    chalk "3.0.0"

clone-deep@^4.0.1:
  version "4.0.1"
  resolved "https://registry.npmjs.org/clone-deep/-/clone-deep-4.0.1.tgz"
  dependencies:
    is-plain-object "^2.0.4"
    kind-of "^6.0.2"
    shallow-clone "^3.0.0"

color-convert@^2.0.1:
  version "2.0.1"
  resolved "https://registry.npmjs.org/color-convert/-/color-convert-2.0.1.tgz"
  dependencies:
    color-name "~1.1.4"

color-name@^1.0.0, color-name@~1.1.4:
  version "1.1.4"
  resolved "https://registry.npmjs.org/color-name/-/color-name-1.1.4.tgz"

color-string@^1.9.0:
  version "1.9.1"
  resolved "https://registry.npmjs.org/color-string/-/color-string-1.9.1.tgz"
  dependencies:
    color-name "^1.0.0"
    simple-swizzle "^0.2.2"

color@^4.2.3:
  version "4.2.3"
  resolved "https://registry.npmjs.org/color/-/color-4.2.3.tgz"
  dependencies:
    color-convert "^2.0.1"
    color-string "^1.9.0"

commander@2.15.1:
  version "2.15.1"
  resolved "https://registry.npmjs.org/commander/-/commander-2.15.1.tgz"

concat-map@0.0.1:
  version "0.0.1"
  resolved "https://registry.npmjs.org/concat-map/-/concat-map-0.0.1.tgz"

concat-stream@^1.4.7:
  version "1.6.2"
  resolved "https://registry.npmjs.org/concat-stream/-/concat-stream-1.6.2.tgz"
  dependencies:
    buffer-from "^1.0.0"
    inherits "^2.0.3"
    readable-stream "^2.2.2"
    typedarray "^0.0.6"

continuation-local-storage@^3.2.1:
  version "3.2.1"
  resolved "https://registry.npmjs.org/continuation-local-storage/-/continuation-local-storage-3.2.1.tgz"
  dependencies:
    async-listener "^0.6.0"
    emitter-listener "^1.1.1"

core-util-is@~1.0.0:
  version "1.0.3"
  resolved "https://registry.npmjs.org/core-util-is/-/core-util-is-1.0.3.tgz"

croner@~4.1.92:
  version "4.1.97"
  resolved "https://registry.npmjs.org/croner/-/croner-4.1.97.tgz"

cross-env@^7.0:
  version "7.0.3"
  resolved "https://registry.npmjs.org/cross-env/-/cross-env-7.0.3.tgz"
  dependencies:
    cross-spawn "^7.0.1"

cross-spawn@^5.0.1:
  version "5.1.0"
  resolved "https://registry.npmjs.org/cross-spawn/-/cross-spawn-5.1.0.tgz"
  dependencies:
    lru-cache "^4.0.1"
    shebang-command "^1.2.0"
    which "^1.2.9"

cross-spawn@^7.0.1:
  version "7.0.3"
  resolved "https://registry.npmjs.org/cross-spawn/-/cross-spawn-7.0.3.tgz"
  dependencies:
    path-key "^3.1.0"
    shebang-command "^2.0.0"
    which "^2.0.1"

culvert@^0.1.2:
  version "0.1.2"
  resolved "https://registry.npmjs.org/culvert/-/culvert-0.1.2.tgz"

data-uri-to-buffer@^6.0.2:
  version "6.0.2"
  resolved "https://registry.yarnpkg.com/data-uri-to-buffer/-/data-uri-to-buffer-6.0.2.tgz#8a58bb67384b261a38ef18bea1810cb01badd28b"

dayjs@~1.11.5:
  version "1.11.10"
  resolved "https://registry.yarnpkg.com/dayjs/-/dayjs-1.11.10.tgz#68acea85317a6e164457d6d6947564029a6a16a0"

dayjs@~1.8.24:
  version "1.8.36"
  resolved "https://registry.npmjs.org/dayjs/-/dayjs-1.8.36.tgz"

debug@4, debug@^4.1.1, debug@^4.3.1, debug@^4.3.4, debug@~4.3.1:
  version "4.3.4"
  resolved "https://registry.npmjs.org/debug/-/debug-4.3.4.tgz"
  dependencies:
    ms "2.1.2"

debug@^3.2.6:
  version "3.2.7"
  resolved "https://registry.npmjs.org/debug/-/debug-3.2.7.tgz"
  dependencies:
    ms "^2.1.1"

degenerator@^5.0.0:
  version "5.0.1"
  resolved "https://registry.npmjs.org/degenerator/-/degenerator-5.0.1.tgz"
  dependencies:
    ast-types "^0.13.4"
    escodegen "^2.1.0"
    esprima "^4.0.1"

detect-libc@^2.0.3:
  version "2.0.3"
  resolved "https://registry.npmjs.org/detect-libc/-/detect-libc-2.0.3.tgz"

dotenv@^16.3.1:
  version "16.3.1"
  resolved "https://registry.npmjs.org/dotenv/-/dotenv-16.3.1.tgz"

emitter-listener@^1.1.1:
  version "1.1.2"
  resolved "https://registry.npmjs.org/emitter-listener/-/emitter-listener-1.1.2.tgz"
  dependencies:
    shimmer "^1.2.0"

emojis-list@^3.0.0:
  version "3.0.0"
  resolved "https://registry.npmjs.org/emojis-list/-/emojis-list-3.0.0.tgz"

enquirer@2.3.6:
  version "2.3.6"
  resolved "https://registry.npmjs.org/enquirer/-/enquirer-2.3.6.tgz"
  dependencies:
    ansi-colors "^4.1.1"

esbuild@^0.18.10:
  version "0.18.16"
  resolved "https://registry.npmjs.org/esbuild/-/esbuild-0.18.16.tgz"
  optionalDependencies:
    "@esbuild/android-arm" "0.18.16"
    "@esbuild/android-arm64" "0.18.16"
    "@esbuild/android-x64" "0.18.16"
    "@esbuild/darwin-arm64" "0.18.16"
    "@esbuild/darwin-x64" "0.18.16"
    "@esbuild/freebsd-arm64" "0.18.16"
    "@esbuild/freebsd-x64" "0.18.16"
    "@esbuild/linux-arm" "0.18.16"
    "@esbuild/linux-arm64" "0.18.16"
    "@esbuild/linux-ia32" "0.18.16"
    "@esbuild/linux-loong64" "0.18.16"
    "@esbuild/linux-mips64el" "0.18.16"
    "@esbuild/linux-ppc64" "0.18.16"
    "@esbuild/linux-riscv64" "0.18.16"
    "@esbuild/linux-s390x" "0.18.16"
    "@esbuild/linux-x64" "0.18.16"
    "@esbuild/netbsd-x64" "0.18.16"
    "@esbuild/openbsd-x64" "0.18.16"
    "@esbuild/sunos-x64" "0.18.16"
    "@esbuild/win32-arm64" "0.18.16"
    "@esbuild/win32-ia32" "0.18.16"
    "@esbuild/win32-x64" "0.18.16"

escape-string-regexp@^4.0.0:
  version "4.0.0"
  resolved "https://registry.npmjs.org/escape-string-regexp/-/escape-string-regexp-4.0.0.tgz"

escodegen@^2.1.0:
  version "2.1.0"
  resolved "https://registry.npmjs.org/escodegen/-/escodegen-2.1.0.tgz"
  dependencies:
    esprima "^4.0.1"
    estraverse "^5.2.0"
    esutils "^2.0.2"
  optionalDependencies:
    source-map "~0.6.1"

esprima@^4.0.1:
  version "4.0.1"
  resolved "https://registry.npmjs.org/esprima/-/esprima-4.0.1.tgz"

estraverse@^5.2.0:
  version "5.3.0"
  resolved "https://registry.npmjs.org/estraverse/-/estraverse-5.3.0.tgz"

esutils@^2.0.2:
  version "2.0.3"
  resolved "https://registry.npmjs.org/esutils/-/esutils-2.0.3.tgz"

eventemitter2@5.0.1, eventemitter2@~5.0.1:
  version "5.0.1"
  resolved "https://registry.npmjs.org/eventemitter2/-/eventemitter2-5.0.1.tgz"

eventemitter2@^6.3.1:
  version "6.4.9"
  resolved "https://registry.npmjs.org/eventemitter2/-/eventemitter2-6.4.9.tgz"

eventemitter2@~0.4.14:
  version "0.4.14"
  resolved "https://registry.npmjs.org/eventemitter2/-/eventemitter2-0.4.14.tgz"

extrareqp2@^1.0.0:
  version "1.0.0"
  resolved "https://registry.yarnpkg.com/extrareqp2/-/extrareqp2-1.0.0.tgz#aaf8ad1495d723f71276b0eab041c061aa21f035"
  dependencies:
    follow-redirects "^1.14.0"

fast-deep-equal@^3.1.1:
  version "3.1.3"
  resolved "https://registry.npmjs.org/fast-deep-equal/-/fast-deep-equal-3.1.3.tgz"

fast-json-patch@^3.0.0-1:
  version "3.1.1"
  resolved "https://registry.npmjs.org/fast-json-patch/-/fast-json-patch-3.1.1.tgz"

fast-json-stable-stringify@^2.0.0:
  version "2.1.0"
  resolved "https://registry.npmjs.org/fast-json-stable-stringify/-/fast-json-stable-stringify-2.1.0.tgz"

fclone@1.0.11, fclone@~1.0.11:
  version "1.0.11"
  resolved "https://registry.npmjs.org/fclone/-/fclone-1.0.11.tgz"

fill-range@^7.0.1:
  version "7.0.1"
  resolved "https://registry.npmjs.org/fill-range/-/fill-range-7.0.1.tgz"
  dependencies:
    to-regex-range "^5.0.1"

follow-redirects@^1.14.0:
  version "1.15.6"
  resolved "https://registry.yarnpkg.com/follow-redirects/-/follow-redirects-1.15.6.tgz#7f815c0cda4249c74ff09e95ef97c23b5fd0399b"

fs-extra@^11.2.0:
  version "11.2.0"
  resolved "https://registry.yarnpkg.com/fs-extra/-/fs-extra-11.2.0.tgz#e70e17dfad64232287d01929399e0ea7c86b0e5b"
  dependencies:
    graceful-fs "^4.2.0"
    jsonfile "^6.0.1"
    universalify "^2.0.0"

fs.realpath@^1.0.0:
  version "1.0.0"
  resolved "https://registry.npmjs.org/fs.realpath/-/fs.realpath-1.0.0.tgz"

fsevents@~2.3.2:
  version "2.3.3"
  resolved "https://registry.yarnpkg.com/fsevents/-/fsevents-2.3.3.tgz#cac6407785d03675a2a5e1a5305c697b347d90d6"

function-bind@^1.1.2:
  version "1.1.2"
  resolved "https://registry.yarnpkg.com/function-bind/-/function-bind-1.1.2.tgz#2c02d864d97f3ea6c8830c464cbd11ab6eab7a1c"

get-uri@^6.0.1:
  version "6.0.3"
  resolved "https://registry.yarnpkg.com/get-uri/-/get-uri-6.0.3.tgz#0d26697bc13cf91092e519aa63aa60ee5b6f385a"
  dependencies:
    basic-ftp "^5.0.2"
    data-uri-to-buffer "^6.0.2"
    debug "^4.3.4"
    fs-extra "^11.2.0"

git-node-fs@^1.0.0:
  version "1.0.0"
  resolved "https://registry.npmjs.org/git-node-fs/-/git-node-fs-1.0.0.tgz"

git-sha1@^0.1.2:
  version "0.1.2"
  resolved "https://registry.npmjs.org/git-sha1/-/git-sha1-0.1.2.tgz"

glob-parent@~5.1.2:
  version "5.1.2"
  resolved "https://registry.npmjs.org/glob-parent/-/glob-parent-5.1.2.tgz"
  dependencies:
    is-glob "^4.0.1"

glob@^7.0.5:
  version "7.2.3"
  resolved "https://registry.npmjs.org/glob/-/glob-7.2.3.tgz"
  dependencies:
    fs.realpath "^1.0.0"
    inflight "^1.0.4"
    inherits "2"
    minimatch "^3.1.1"
    once "^1.3.0"
    path-is-absolute "^1.0.0"

graceful-fs@^4.1.6, graceful-fs@^4.2.0:
  version "4.2.11"
  resolved "https://registry.npmjs.org/graceful-fs/-/graceful-fs-4.2.11.tgz"

has-flag@^4.0.0:
  version "4.0.0"
  resolved "https://registry.npmjs.org/has-flag/-/has-flag-4.0.0.tgz"

hasown@^2.0.0:
  version "2.0.2"
  resolved "https://registry.yarnpkg.com/hasown/-/hasown-2.0.2.tgz#003eaf91be7adc372e84ec59dc37252cedb80003"
  dependencies:
    function-bind "^1.1.2"

http-proxy-agent@^7.0.0:
  version "7.0.2"
  resolved "https://registry.yarnpkg.com/http-proxy-agent/-/http-proxy-agent-7.0.2.tgz#9a8b1f246866c028509486585f62b8f2c18c270e"
  dependencies:
    agent-base "^7.1.0"
    debug "^4.3.4"

https-proxy-agent@^7.0.2:
  version "7.0.4"
  resolved "https://registry.yarnpkg.com/https-proxy-agent/-/https-proxy-agent-7.0.4.tgz#8e97b841a029ad8ddc8731f26595bad868cb4168"
  dependencies:
    agent-base "^7.0.2"
    debug "4"

iconv-lite@^0.4.4:
  version "0.4.24"
  resolved "https://registry.npmjs.org/iconv-lite/-/iconv-lite-0.4.24.tgz"
  dependencies:
    safer-buffer ">= 2.1.2 < 3"

immutable@^4.0.0:
  version "4.3.1"
  resolved "https://registry.npmjs.org/immutable/-/immutable-4.3.1.tgz"

inflight@^1.0.4:
  version "1.0.6"
  resolved "https://registry.npmjs.org/inflight/-/inflight-1.0.6.tgz"
  dependencies:
    once "^1.3.0"
    wrappy "1"

inherits@2, inherits@^2.0.3, inherits@~2.0.3:
  version "2.0.4"
  resolved "https://registry.npmjs.org/inherits/-/inherits-2.0.4.tgz"

ini@^1.3.5:
  version "1.3.8"
  resolved "https://registry.npmjs.org/ini/-/ini-1.3.8.tgz"

ip-address@^9.0.5:
  version "9.0.5"
  resolved "https://registry.yarnpkg.com/ip-address/-/ip-address-9.0.5.tgz#117a960819b08780c3bd1f14ef3c1cc1d3f3ea5a"
  dependencies:
    jsbn "1.1.0"
    sprintf-js "^1.1.3"

is-arrayish@^0.3.1:
  version "0.3.2"
  resolved "https://registry.npmjs.org/is-arrayish/-/is-arrayish-0.3.2.tgz"

is-binary-path@~2.1.0:
  version "2.1.0"
  resolved "https://registry.npmjs.org/is-binary-path/-/is-binary-path-2.1.0.tgz"
  dependencies:
    binary-extensions "^2.0.0"

is-core-module@^2.13.0:
  version "2.13.1"
  resolved "https://registry.yarnpkg.com/is-core-module/-/is-core-module-2.13.1.tgz#ad0d7532c6fea9da1ebdc82742d74525c6273384"
  dependencies:
    hasown "^2.0.0"

is-extglob@^2.1.1:
  version "2.1.1"
  resolved "https://registry.npmjs.org/is-extglob/-/is-extglob-2.1.1.tgz"

is-glob@^4.0.1, is-glob@~4.0.1:
  version "4.0.3"
  resolved "https://registry.npmjs.org/is-glob/-/is-glob-4.0.3.tgz"
  dependencies:
    is-extglob "^2.1.1"

is-number@^7.0.0:
  version "7.0.0"
  resolved "https://registry.npmjs.org/is-number/-/is-number-7.0.0.tgz"

is-plain-object@^2.0.4:
  version "2.0.4"
  resolved "https://registry.npmjs.org/is-plain-object/-/is-plain-object-2.0.4.tgz"
  dependencies:
    isobject "^3.0.1"

isarray@~1.0.0:
  version "1.0.0"
  resolved "https://registry.npmjs.org/isarray/-/isarray-1.0.0.tgz"

isexe@^2.0.0:
  version "2.0.0"
  resolved "https://registry.npmjs.org/isexe/-/isexe-2.0.0.tgz"

isobject@^3.0.1:
  version "3.0.1"
  resolved "https://registry.npmjs.org/isobject/-/isobject-3.0.1.tgz"

"jquery@>=3.4.0 <4.0.0", jquery@^3.2:
  version "3.7.0"
  resolved "https://registry.npmjs.org/jquery/-/jquery-3.7.0.tgz"

js-git@^0.7.8:
  version "0.7.8"
  resolved "https://registry.npmjs.org/js-git/-/js-git-0.7.8.tgz"
  dependencies:
    bodec "^0.1.0"
    culvert "^0.1.2"
    git-sha1 "^0.1.2"
    pako "^0.2.5"

jsbn@1.1.0:
  version "1.1.0"
  resolved "https://registry.yarnpkg.com/jsbn/-/jsbn-1.1.0.tgz#b01307cb29b618a1ed26ec79e911f803c4da0040"

json-schema-traverse@^0.4.1:
  version "0.4.1"
  resolved "https://registry.npmjs.org/json-schema-traverse/-/json-schema-traverse-0.4.1.tgz"

json-stringify-safe@^5.0.1:
  version "5.0.1"
  resolved "https://registry.npmjs.org/json-stringify-safe/-/json-stringify-safe-5.0.1.tgz"

json5@^1.0.1:
  version "1.0.2"
  resolved "https://registry.npmjs.org/json5/-/json5-1.0.2.tgz"
  dependencies:
    minimist "^1.2.0"

jsonfile@^6.0.1:
  version "6.1.0"
  resolved "https://registry.yarnpkg.com/jsonfile/-/jsonfile-6.1.0.tgz#bc55b2634793c679ec6403094eb13698a6ec0aae"
  dependencies:
    universalify "^2.0.0"
  optionalDependencies:
    graceful-fs "^4.1.6"

kind-of@^6.0.2:
  version "6.0.3"
  resolved "https://registry.npmjs.org/kind-of/-/kind-of-6.0.3.tgz"

laravel-vite-plugin@^0.7.8:
  version "0.7.8"
  resolved "https://registry.npmjs.org/laravel-vite-plugin/-/laravel-vite-plugin-0.7.8.tgz"
  dependencies:
    picocolors "^1.0.0"
    vite-plugin-full-reload "^1.0.5"

lazy@~1.0.11:
  version "1.0.11"
  resolved "https://registry.npmjs.org/lazy/-/lazy-1.0.11.tgz"

loader-utils@^1.2.3:
  version "1.4.2"
  resolved "https://registry.npmjs.org/loader-utils/-/loader-utils-1.4.2.tgz"
  dependencies:
    big.js "^5.2.2"
    emojis-list "^3.0.0"
    json5 "^1.0.1"

lodash@^4.17.14, lodash@^4.17.15:
  version "4.17.21"
  resolved "https://registry.npmjs.org/lodash/-/lodash-4.17.21.tgz"

log-driver@^1.2.7:
  version "1.2.7"
  resolved "https://registry.npmjs.org/log-driver/-/log-driver-1.2.7.tgz"

lru-cache@^4.0.1:
  version "4.1.5"
  resolved "https://registry.npmjs.org/lru-cache/-/lru-cache-4.1.5.tgz"
  dependencies:
    pseudomap "^1.0.2"
    yallist "^2.1.2"

lru-cache@^6.0.0:
  version "6.0.0"
  resolved "https://registry.npmjs.org/lru-cache/-/lru-cache-6.0.0.tgz"
  dependencies:
    yallist "^4.0.0"

lru-cache@^7.14.1:
  version "7.18.3"
  resolved "https://registry.npmjs.org/lru-cache/-/lru-cache-7.18.3.tgz"

minimatch@^3.1.1:
  version "3.1.2"
  resolved "https://registry.npmjs.org/minimatch/-/minimatch-3.1.2.tgz"
  dependencies:
    brace-expansion "^1.1.7"

minimist@^1.2.0:
  version "1.2.8"
  resolved "https://registry.npmjs.org/minimist/-/minimist-1.2.8.tgz"

mkdirp@1.0.4:
  version "1.0.4"
  resolved "https://registry.npmjs.org/mkdirp/-/mkdirp-1.0.4.tgz"

module-details-from-path@^1.0.3:
  version "1.0.3"
  resolved "https://registry.npmjs.org/module-details-from-path/-/module-details-from-path-1.0.3.tgz"

moment@^2.24.0:
  version "2.29.4"
  resolved "https://registry.npmjs.org/moment/-/moment-2.29.4.tgz"

ms@2.1.2:
  version "2.1.2"
  resolved "https://registry.npmjs.org/ms/-/ms-2.1.2.tgz"

ms@^2.1.1:
  version "2.1.3"
  resolved "https://registry.npmjs.org/ms/-/ms-2.1.3.tgz"

mute-stream@~0.0.4:
  version "0.0.8"
  resolved "https://registry.npmjs.org/mute-stream/-/mute-stream-0.0.8.tgz"

nanoid@^3.3.7:
  version "3.3.7"
  resolved "https://registry.yarnpkg.com/nanoid/-/nanoid-3.3.7.tgz#d0c301a691bc8d54efa0a2226ccf3fe2fd656bd8"

needle@2.4.0:
  version "2.4.0"
  resolved "https://registry.npmjs.org/needle/-/needle-2.4.0.tgz"
  dependencies:
    debug "^3.2.6"
    iconv-lite "^0.4.4"
    sax "^1.2.4"

neo-async@^2.6.1:
  version "2.6.2"
  resolved "https://registry.npmjs.org/neo-async/-/neo-async-2.6.2.tgz"

netmask@^2.0.2:
  version "2.0.2"
  resolved "https://registry.npmjs.org/netmask/-/netmask-2.0.2.tgz"

normalize-path@^3.0.0, normalize-path@~3.0.0:
  version "3.0.0"
  resolved "https://registry.npmjs.org/normalize-path/-/normalize-path-3.0.0.tgz"

nssocket@0.6.0:
  version "0.6.0"
  resolved "https://registry.npmjs.org/nssocket/-/nssocket-0.6.0.tgz"
  dependencies:
    eventemitter2 "~0.4.14"
    lazy "~1.0.11"

once@^1.3.0:
  version "1.4.0"
  resolved "https://registry.npmjs.org/once/-/once-1.4.0.tgz"
  dependencies:
    wrappy "1"

os-shim@^0.1.2:
  version "0.1.3"
  resolved "https://registry.npmjs.org/os-shim/-/os-shim-0.1.3.tgz"

pac-proxy-agent@^7.0.1:
  version "7.0.1"
  resolved "https://registry.yarnpkg.com/pac-proxy-agent/-/pac-proxy-agent-7.0.1.tgz#6b9ddc002ec3ff0ba5fdf4a8a21d363bcc612d75"
  dependencies:
    "@tootallnate/quickjs-emscripten" "^0.23.0"
    agent-base "^7.0.2"
    debug "^4.3.4"
    get-uri "^6.0.1"
    http-proxy-agent "^7.0.0"
    https-proxy-agent "^7.0.2"
    pac-resolver "^7.0.0"
    socks-proxy-agent "^8.0.2"

pac-resolver@^7.0.0:
  version "7.0.1"
  resolved "https://registry.yarnpkg.com/pac-resolver/-/pac-resolver-7.0.1.tgz#54675558ea368b64d210fd9c92a640b5f3b8abb6"
  dependencies:
    degenerator "^5.0.0"
    netmask "^2.0.2"

pako@^0.2.5:
  version "0.2.9"
  resolved "https://registry.npmjs.org/pako/-/pako-0.2.9.tgz"

path-is-absolute@^1.0.0:
  version "1.0.1"
  resolved "https://registry.npmjs.org/path-is-absolute/-/path-is-absolute-1.0.1.tgz"

path-key@^3.1.0:
  version "3.1.1"
  resolved "https://registry.npmjs.org/path-key/-/path-key-3.1.1.tgz"

path-parse@^1.0.7:
  version "1.0.7"
  resolved "https://registry.npmjs.org/path-parse/-/path-parse-1.0.7.tgz"

pathe@^1.1.0:
  version "1.1.1"
  resolved "https://registry.npmjs.org/pathe/-/pathe-1.1.1.tgz"

picocolors@^1.0.0:
  version "1.0.0"
  resolved "https://registry.npmjs.org/picocolors/-/picocolors-1.0.0.tgz"

picomatch@^2.0.4, picomatch@^2.2.1, picomatch@^2.3.1:
  version "2.3.1"
  resolved "https://registry.npmjs.org/picomatch/-/picomatch-2.3.1.tgz"

pidusage@^2.0.21:
  version "2.0.21"
  resolved "https://registry.npmjs.org/pidusage/-/pidusage-2.0.21.tgz"
  dependencies:
    safe-buffer "^5.2.1"

pidusage@~3.0:
  version "3.0.2"
  resolved "https://registry.npmjs.org/pidusage/-/pidusage-3.0.2.tgz"
  dependencies:
    safe-buffer "^5.2.1"

pm2-axon-rpc@~0.7.0, pm2-axon-rpc@~0.7.1:
  version "0.7.1"
  resolved "https://registry.npmjs.org/pm2-axon-rpc/-/pm2-axon-rpc-0.7.1.tgz"
  dependencies:
    debug "^4.3.1"

pm2-axon@~4.0.1:
  version "4.0.1"
  resolved "https://registry.npmjs.org/pm2-axon/-/pm2-axon-4.0.1.tgz"
  dependencies:
    amp "~0.3.1"
    amp-message "~0.1.1"
    debug "^4.3.1"
    escape-string-regexp "^4.0.0"

pm2-deploy@~1.0.2:
  version "1.0.2"
  resolved "https://registry.npmjs.org/pm2-deploy/-/pm2-deploy-1.0.2.tgz"
  dependencies:
    run-series "^1.1.8"
    tv4 "^1.3.0"

pm2-multimeter@^0.1.2:
  version "0.1.2"
  resolved "https://registry.npmjs.org/pm2-multimeter/-/pm2-multimeter-0.1.2.tgz"
  dependencies:
    charm "~0.1.1"

pm2-sysmonit@^1.2.8:
  version "1.2.8"
  resolved "https://registry.npmjs.org/pm2-sysmonit/-/pm2-sysmonit-1.2.8.tgz"
  dependencies:
    async "^3.2.0"
    debug "^4.3.1"
    pidusage "^2.0.21"
    systeminformation "^5.7"
    tx2 "~1.0.4"

pm2@^5.3.0:
  version "5.3.1"
  resolved "https://registry.yarnpkg.com/pm2/-/pm2-5.3.1.tgz#f4c1b1199aac2988e9079ca4f127adaa1a5d18ce"
  dependencies:
    "@pm2/agent" "~2.0.0"
    "@pm2/io" "~5.0.0"
    "@pm2/js-api" "~0.8.0"
    "@pm2/pm2-version-check" latest
    async "~3.2.0"
    blessed "0.1.81"
    chalk "3.0.0"
    chokidar "^3.5.3"
    cli-tableau "^2.0.0"
    commander "2.15.1"
    croner "~4.1.92"
    dayjs "~1.11.5"
    debug "^4.3.1"
    enquirer "2.3.6"
    eventemitter2 "5.0.1"
    fclone "1.0.11"
    mkdirp "1.0.4"
    needle "2.4.0"
    pidusage "~3.0"
    pm2-axon "~4.0.1"
    pm2-axon-rpc "~0.7.1"
    pm2-deploy "~1.0.2"
    pm2-multimeter "^0.1.2"
    promptly "^2"
    semver "^7.2"
    source-map-support "0.5.21"
    sprintf-js "1.1.2"
    vizion "~2.2.1"
    yamljs "0.3.0"
  optionalDependencies:
    pm2-sysmonit "^1.2.8"

popper.js@^1.12:
  version "1.16.1"
  resolved "https://registry.npmjs.org/popper.js/-/popper.js-1.16.1.tgz"

postcss@^8.4.27:
  version "8.4.38"
  resolved "https://registry.yarnpkg.com/postcss/-/postcss-8.4.38.tgz#b387d533baf2054288e337066d81c6bee9db9e0e"
  dependencies:
    nanoid "^3.3.7"
    picocolors "^1.0.0"
    source-map-js "^1.2.0"

pre-commit@^1.2.2:
  version "1.2.2"
  resolved "https://registry.npmjs.org/pre-commit/-/pre-commit-1.2.2.tgz"
  dependencies:
    cross-spawn "^5.0.1"
    spawn-sync "^1.0.15"
    which "1.2.x"

prettier@^2.8.8:
  version "2.8.8"
  resolved "https://registry.npmjs.org/prettier/-/prettier-2.8.8.tgz"

process-nextick-args@~2.0.0:
  version "2.0.1"
  resolved "https://registry.npmjs.org/process-nextick-args/-/process-nextick-args-2.0.1.tgz"

promptly@^2:
  version "2.2.0"
  resolved "https://registry.npmjs.org/promptly/-/promptly-2.2.0.tgz"
  dependencies:
    read "^1.0.4"

proxy-agent@~6.3.0:
  version "6.3.1"
  resolved "https://registry.yarnpkg.com/proxy-agent/-/proxy-agent-6.3.1.tgz#40e7b230552cf44fd23ffaf7c59024b692612687"
  dependencies:
    agent-base "^7.0.2"
    debug "^4.3.4"
    http-proxy-agent "^7.0.0"
    https-proxy-agent "^7.0.2"
    lru-cache "^7.14.1"
    pac-proxy-agent "^7.0.1"
    proxy-from-env "^1.1.0"
    socks-proxy-agent "^8.0.2"

proxy-from-env@^1.1.0:
  version "1.1.0"
  resolved "https://registry.npmjs.org/proxy-from-env/-/proxy-from-env-1.1.0.tgz"

pseudomap@^1.0.2:
  version "1.0.2"
  resolved "https://registry.npmjs.org/pseudomap/-/pseudomap-1.0.2.tgz"

punycode@^2.1.0:
  version "2.3.0"
  resolved "https://registry.npmjs.org/punycode/-/punycode-2.3.0.tgz"

read@^1.0.4:
  version "1.0.7"
  resolved "https://registry.npmjs.org/read/-/read-1.0.7.tgz"
  dependencies:
    mute-stream "~0.0.4"

readable-stream@^2.2.2:
  version "2.3.8"
  resolved "https://registry.npmjs.org/readable-stream/-/readable-stream-2.3.8.tgz"
  dependencies:
    core-util-is "~1.0.0"
    inherits "~2.0.3"
    isarray "~1.0.0"
    process-nextick-args "~2.0.0"
    safe-buffer "~5.1.1"
    string_decoder "~1.1.1"
    util-deprecate "~1.0.1"

readdirp@~3.6.0:
  version "3.6.0"
  resolved "https://registry.npmjs.org/readdirp/-/readdirp-3.6.0.tgz"
  dependencies:
    picomatch "^2.2.1"

require-in-the-middle@^5.0.0:
  version "5.2.0"
  resolved "https://registry.npmjs.org/require-in-the-middle/-/require-in-the-middle-5.2.0.tgz"
  dependencies:
    debug "^4.1.1"
    module-details-from-path "^1.0.3"
    resolve "^1.22.1"

resolve@^1.22.1:
  version "1.22.8"
  resolved "https://registry.yarnpkg.com/resolve/-/resolve-1.22.8.tgz#b6c87a9f2aa06dfab52e3d70ac8cde321fa5a48d"
  dependencies:
    is-core-module "^2.13.0"
    path-parse "^1.0.7"
    supports-preserve-symlinks-flag "^1.0.0"

rollup@^3.27.1:
  version "3.29.4"
  resolved "https://registry.npmjs.org/rollup/-/rollup-3.29.4.tgz"
  optionalDependencies:
    fsevents "~2.3.2"

run-series@^1.1.8:
  version "1.1.9"
  resolved "https://registry.npmjs.org/run-series/-/run-series-1.1.9.tgz"

safe-buffer@^5.2.1:
  version "5.2.1"
  resolved "https://registry.npmjs.org/safe-buffer/-/safe-buffer-5.2.1.tgz"

safe-buffer@~5.1.0, safe-buffer@~5.1.1:
  version "5.1.2"
  resolved "https://registry.npmjs.org/safe-buffer/-/safe-buffer-5.1.2.tgz"

"safer-buffer@>= 2.1.2 < 3":
  version "2.1.2"
  resolved "https://registry.npmjs.org/safer-buffer/-/safer-buffer-2.1.2.tgz"

sass-loader@^8.0.0:
  version "8.0.2"
  resolved "https://registry.npmjs.org/sass-loader/-/sass-loader-8.0.2.tgz"
  dependencies:
    clone-deep "^4.0.1"
    loader-utils "^1.2.3"
    neo-async "^2.6.1"
    schema-utils "^2.6.1"
    semver "^6.3.0"

sass@^1.20.1:
  version "1.75.0"
  resolved "https://registry.yarnpkg.com/sass/-/sass-1.75.0.tgz#91bbe87fb02dfcc34e052ddd6ab80f60d392be6c"
  dependencies:
    chokidar ">=3.0.0 <4.0.0"
    immutable "^4.0.0"
    source-map-js ">=0.6.2 <2.0.0"

sax@^1.2.4:
  version "1.3.0"
  resolved "https://registry.yarnpkg.com/sax/-/sax-1.3.0.tgz#a5dbe77db3be05c9d1ee7785dbd3ea9de51593d0"

schema-utils@^2.6.1:
  version "2.7.1"
  resolved "https://registry.npmjs.org/schema-utils/-/schema-utils-2.7.1.tgz"
  dependencies:
    "@types/json-schema" "^7.0.5"
    ajv "^6.12.4"
    ajv-keywords "^3.5.2"

semver@^5.3.0, semver@^5.5.0:
  version "5.7.2"
  resolved "https://registry.npmjs.org/semver/-/semver-5.7.2.tgz"

semver@^6.3.0:
  version "6.3.1"
  resolved "https://registry.npmjs.org/semver/-/semver-6.3.1.tgz"

semver@^7.2, semver@~7.5.0, semver@~7.5.4:
  version "7.5.4"
  resolved "https://registry.npmjs.org/semver/-/semver-7.5.4.tgz"
  dependencies:
    lru-cache "^6.0.0"

semver@^7.6.0:
  version "7.6.0"
  resolved "https://registry.npmjs.org/semver/-/semver-7.6.0.tgz"
  dependencies:
    lru-cache "^6.0.0"

shallow-clone@^3.0.0:
  version "3.0.1"
  resolved "https://registry.npmjs.org/shallow-clone/-/shallow-clone-3.0.1.tgz"
  dependencies:
    kind-of "^6.0.2"

sharp@^0.33.0:
  version "0.33.3"
  resolved "https://registry.npmjs.org/sharp/-/sharp-0.33.3.tgz"
  dependencies:
    color "^4.2.3"
    detect-libc "^2.0.3"
    semver "^7.6.0"
  optionalDependencies:
    "@img/sharp-darwin-arm64" "0.33.3"
    "@img/sharp-darwin-x64" "0.33.3"
    "@img/sharp-libvips-darwin-arm64" "1.0.2"
    "@img/sharp-libvips-darwin-x64" "1.0.2"
    "@img/sharp-libvips-linux-arm" "1.0.2"
    "@img/sharp-libvips-linux-arm64" "1.0.2"
    "@img/sharp-libvips-linux-s390x" "1.0.2"
    "@img/sharp-libvips-linux-x64" "1.0.2"
    "@img/sharp-libvips-linuxmusl-arm64" "1.0.2"
    "@img/sharp-libvips-linuxmusl-x64" "1.0.2"
    "@img/sharp-linux-arm" "0.33.3"
    "@img/sharp-linux-arm64" "0.33.3"
    "@img/sharp-linux-s390x" "0.33.3"
    "@img/sharp-linux-x64" "0.33.3"
    "@img/sharp-linuxmusl-arm64" "0.33.3"
    "@img/sharp-linuxmusl-x64" "0.33.3"
    "@img/sharp-wasm32" "0.33.3"
    "@img/sharp-win32-ia32" "0.33.3"
    "@img/sharp-win32-x64" "0.33.3"

sharrre@^2.0.1:
  version "2.0.1"
  resolved "https://registry.npmjs.org/sharrre/-/sharrre-2.0.1.tgz"

shebang-command@^1.2.0:
  version "1.2.0"
  resolved "https://registry.npmjs.org/shebang-command/-/shebang-command-1.2.0.tgz"
  dependencies:
    shebang-regex "^1.0.0"

shebang-command@^2.0.0:
  version "2.0.0"
  resolved "https://registry.npmjs.org/shebang-command/-/shebang-command-2.0.0.tgz"
  dependencies:
    shebang-regex "^3.0.0"

shebang-regex@^1.0.0:
  version "1.0.0"
  resolved "https://registry.npmjs.org/shebang-regex/-/shebang-regex-1.0.0.tgz"

shebang-regex@^3.0.0:
  version "3.0.0"
  resolved "https://registry.npmjs.org/shebang-regex/-/shebang-regex-3.0.0.tgz"

shimmer@^1.1.0, shimmer@^1.2.0:
  version "1.2.1"
  resolved "https://registry.npmjs.org/shimmer/-/shimmer-1.2.1.tgz"

signal-exit@^3.0.3:
  version "3.0.7"
  resolved "https://registry.npmjs.org/signal-exit/-/signal-exit-3.0.7.tgz"

simple-swizzle@^0.2.2:
  version "0.2.2"
  resolved "https://registry.npmjs.org/simple-swizzle/-/simple-swizzle-0.2.2.tgz"
  dependencies:
    is-arrayish "^0.3.1"

smart-buffer@^4.2.0:
  version "4.2.0"
  resolved "https://registry.npmjs.org/smart-buffer/-/smart-buffer-4.2.0.tgz"

socks-proxy-agent@^8.0.2:
  version "8.0.3"
  resolved "https://registry.yarnpkg.com/socks-proxy-agent/-/socks-proxy-agent-8.0.3.tgz#6b2da3d77364fde6292e810b496cb70440b9b89d"
  dependencies:
    agent-base "^7.1.1"
    debug "^4.3.4"
    socks "^2.7.1"

socks@^2.7.1:
  version "2.8.3"
  resolved "https://registry.yarnpkg.com/socks/-/socks-2.8.3.tgz#1ebd0f09c52ba95a09750afe3f3f9f724a800cb5"
  dependencies:
    ip-address "^9.0.5"
    smart-buffer "^4.2.0"

"source-map-js@>=0.6.2 <2.0.0", source-map-js@^1.2.0:
  version "1.2.0"
  resolved "https://registry.yarnpkg.com/source-map-js/-/source-map-js-1.2.0.tgz#16b809c162517b5b8c3e7dcd315a2a5c2612b2af"

source-map-support@0.5.21:
  version "0.5.21"
  resolved "https://registry.npmjs.org/source-map-support/-/source-map-support-0.5.21.tgz"
  dependencies:
    buffer-from "^1.0.0"
    source-map "^0.6.0"

source-map@^0.6.0, source-map@~0.6.1:
  version "0.6.1"
  resolved "https://registry.npmjs.org/source-map/-/source-map-0.6.1.tgz"

spawn-sync@^1.0.15:
  version "1.0.15"
  resolved "https://registry.npmjs.org/spawn-sync/-/spawn-sync-1.0.15.tgz"
  dependencies:
    concat-stream "^1.4.7"
    os-shim "^0.1.2"

sprintf-js@1.1.2:
  version "1.1.2"
  resolved "https://registry.npmjs.org/sprintf-js/-/sprintf-js-1.1.2.tgz"

sprintf-js@^1.1.3:
  version "1.1.3"
  resolved "https://registry.yarnpkg.com/sprintf-js/-/sprintf-js-1.1.3.tgz#4914b903a2f8b685d17fdf78a70e917e872e444a"

sprintf-js@~1.0.2:
  version "1.0.3"
  resolved "https://registry.npmjs.org/sprintf-js/-/sprintf-js-1.0.3.tgz"

string_decoder@~1.1.1:
  version "1.1.1"
  resolved "https://registry.npmjs.org/string_decoder/-/string_decoder-1.1.1.tgz"
  dependencies:
    safe-buffer "~5.1.0"

supports-color@^7.1.0:
  version "7.2.0"
  resolved "https://registry.npmjs.org/supports-color/-/supports-color-7.2.0.tgz"
  dependencies:
    has-flag "^4.0.0"

supports-preserve-symlinks-flag@^1.0.0:
  version "1.0.0"
  resolved "https://registry.npmjs.org/supports-preserve-symlinks-flag/-/supports-preserve-symlinks-flag-1.0.0.tgz"

sweetalert2@^11.7.12:
  version "11.7.20"
  resolved "https://registry.npmjs.org/sweetalert2/-/sweetalert2-11.7.20.tgz"

systeminformation@^5.7:
  version "5.22.7"
  resolved "https://registry.yarnpkg.com/systeminformation/-/systeminformation-5.22.7.tgz#9a20810c7eacad4aebe7591cb7c78c0dd96dbd1a"

to-regex-range@^5.0.1:
  version "5.0.1"
  resolved "https://registry.npmjs.org/to-regex-range/-/to-regex-range-5.0.1.tgz"
  dependencies:
    is-number "^7.0.0"

tslib@1.9.3:
  version "1.9.3"
  resolved "https://registry.npmjs.org/tslib/-/tslib-1.9.3.tgz"

tslib@^2.0.1, tslib@^2.4.0:
  version "2.6.2"
  resolved "https://registry.yarnpkg.com/tslib/-/tslib-2.6.2.tgz#703ac29425e7b37cd6fd456e92404d46d1f3e4ae"

tv4@^1.3.0:
  version "1.3.0"
  resolved "https://registry.npmjs.org/tv4/-/tv4-1.3.0.tgz"

tx2@~1.0.4:
  version "1.0.5"
  resolved "https://registry.npmjs.org/tx2/-/tx2-1.0.5.tgz"
  dependencies:
    json-stringify-safe "^5.0.1"

typedarray@^0.0.6:
  version "0.0.6"
  resolved "https://registry.npmjs.org/typedarray/-/typedarray-0.0.6.tgz"

universalify@^2.0.0:
  version "2.0.1"
  resolved "https://registry.yarnpkg.com/universalify/-/universalify-2.0.1.tgz#168efc2180964e6386d061e094df61afe239b18d"

uri-js@^4.2.2:
  version "4.4.1"
  resolved "https://registry.npmjs.org/uri-js/-/uri-js-4.4.1.tgz"
  dependencies:
    punycode "^2.1.0"

util-deprecate@~1.0.1:
  version "1.0.2"
  resolved "https://registry.npmjs.org/util-deprecate/-/util-deprecate-1.0.2.tgz"

uuid@^3.2.1:
  version "3.4.0"
  resolved "https://registry.npmjs.org/uuid/-/uuid-3.4.0.tgz"

vite-plugin-full-reload@^1.0.5:
  version "1.0.5"
  resolved "https://registry.npmjs.org/vite-plugin-full-reload/-/vite-plugin-full-reload-1.0.5.tgz"
  dependencies:
    picocolors "^1.0.0"
    picomatch "^2.3.1"

vite-plugin-image-optimizer@^1.1.6:
  version "1.1.6"
  resolved "https://registry.npmjs.org/vite-plugin-image-optimizer/-/vite-plugin-image-optimizer-1.1.6.tgz"
  dependencies:
    ansi-colors "^4.1.3"
    pathe "^1.1.0"

vite@^4.5.3:
  version "4.5.3"
  resolved "https://registry.npmjs.org/vite/-/vite-4.5.3.tgz"
  dependencies:
    esbuild "^0.18.10"
    postcss "^8.4.27"
    rollup "^3.27.1"
  optionalDependencies:
    fsevents "~2.3.2"

vizion@~2.2.1:
  version "2.2.1"
  resolved "https://registry.npmjs.org/vizion/-/vizion-2.2.1.tgz"
  dependencies:
    async "^2.6.3"
    git-node-fs "^1.0.0"
    ini "^1.3.5"
    js-git "^0.7.8"

which@1.2.x:
  version "1.2.14"
  resolved "https://registry.npmjs.org/which/-/which-1.2.14.tgz"
  dependencies:
    isexe "^2.0.0"

which@^1.2.9:
  version "1.3.1"
  resolved "https://registry.npmjs.org/which/-/which-1.3.1.tgz"
  dependencies:
    isexe "^2.0.0"

which@^2.0.1:
  version "2.0.2"
  resolved "https://registry.npmjs.org/which/-/which-2.0.2.tgz"
  dependencies:
    isexe "^2.0.0"

wrappy@1:
  version "1.0.2"
  resolved "https://registry.npmjs.org/wrappy/-/wrappy-1.0.2.tgz"

ws@^7.0.0:
  version "7.5.9"
  resolved "https://registry.npmjs.org/ws/-/ws-7.5.9.tgz"

ws@~7.4.0:
  version "7.4.6"
  resolved "https://registry.npmjs.org/ws/-/ws-7.4.6.tgz"

yallist@^2.1.2:
  version "2.1.2"
  resolved "https://registry.npmjs.org/yallist/-/yallist-2.1.2.tgz"

yallist@^4.0.0:
  version "4.0.0"
  resolved "https://registry.npmjs.org/yallist/-/yallist-4.0.0.tgz"

yamljs@0.3.0:
  version "0.3.0"
  resolved "https://registry.npmjs.org/yamljs/-/yamljs-0.3.0.tgz"
  dependencies:
    argparse "^1.0.7"
    glob "^7.0.5"

yarn@^1.22.19:
  version "1.22.22"
  resolved "https://registry.yarnpkg.com/yarn/-/yarn-1.22.22.tgz#ac34549e6aa8e7ead463a7407e1c7390f61a6610"
